{
  "lockfile_version": "1",
  "packages": {
    "bun@latest": {
      "last_modified": "2025-05-06T08:06:31Z",
      "resolved": "github:NixOS/nixpkgs/1cb1c02a6b1b7cf67e3d7731cbbf327a53da9679#bun",
      "source": "devbox-search",
      "version": "1.2.12",
      "systems": {
        "aarch64-linux": {
          "outputs": [
            {
              "name": "out",
              "path": "/nix/store/32c154inl57ck301in6k4grig4vg6qml-bun-1.2.12",
              "default": true
            }
          ],
          "store_path": "/nix/store/32c154inl57ck301in6k4grig4vg6qml-bun-1.2.12"
        },
        "x86_64-linux": {
          "outputs": [
            {
              "name": "out",
              "path": "/nix/store/a64a99wbl55sw9ifmilpd5j91val83c0-bun-1.2.12",
              "default": true
            }
          ],
          "store_path": "/nix/store/a64a99wbl55sw9ifmilpd5j91val83c0-bun-1.2.12"
        }
      }
    },
    "docker-compose@latest": {
      "last_modified": "2025-05-06T08:06:31Z",
      "resolved": "github:NixOS/nixpkgs/1cb1c02a6b1b7cf67e3d7731cbbf327a53da9679#docker-compose",
      "source": "devbox-search",
      "version": "2.35.1",
      "systems": {
        "aarch64-darwin": {
          "outputs": [
            {
              "name": "out",
              "path": "/nix/store/iha6a6r2mgrmyfnxlk6ifkp77jbplj3p-docker-compose-2.35.1",
              "default": true
            }
          ],
          "store_path": "/nix/store/iha6a6r2mgrmyfnxlk6ifkp77jbplj3p-docker-compose-2.35.1"
        },
        "aarch64-linux": {
          "outputs": [
            {
              "name": "out",
              "path": "/nix/store/ny5nyajj41k03n2zmfrzjcbgz28cz380-docker-compose-2.35.1",
              "default": true
            }
          ],
          "store_path": "/nix/store/ny5nyajj41k03n2zmfrzjcbgz28cz380-docker-compose-2.35.1"
        },
        "x86_64-darwin": {
          "outputs": [
            {
              "name": "out",
              "path": "/nix/store/ljs1s9m2kznb1fy89a4vxs1dymsjlacp-docker-compose-2.35.1",
              "default": true
            }
          ],
          "store_path": "/nix/store/ljs1s9m2kznb1fy89a4vxs1dymsjlacp-docker-compose-2.35.1"
        },
        "x86_64-linux": {
          "outputs": [
            {
              "name": "out",
              "path": "/nix/store/x5cnmsijaaifn6p0i2ai7ar07z826kjr-docker-compose-2.35.1",
              "default": true
            }
          ],
          "store_path": "/nix/store/x5cnmsijaaifn6p0i2ai7ar07z826kjr-docker-compose-2.35.1"
        }
      }
    },
    "github:NixOS/nixpkgs/nixpkgs-unstable": {
      "last_modified": "2025-04-13T09:22:33Z",
      "resolved": "github:NixOS/nixpkgs/18dd725c29603f582cf1900e0d25f9f1063dbf11?lastModified=1744536153&narHash=sha256-awS2zRgF4uTwrOKwwiJcByDzDOdo3Q1rPZbiHQg%2FN38%3D"
    },
    "http-server@latest": {
      "last_modified": "2025-05-06T08:06:31Z",
      "resolved": "github:NixOS/nixpkgs/1cb1c02a6b1b7cf67e3d7731cbbf327a53da9679#http-server",
      "source": "devbox-search",
      "version": "14.1.1",
      "systems": {
        "aarch64-darwin": {
          "outputs": [
            {
              "name": "out",
              "path": "/nix/store/rvjc18a70xyy5mhxmwp63ckdp1xs5cis-http-server-14.1.1",
              "default": true
            }
          ],
          "store_path": "/nix/store/rvjc18a70xyy5mhxmwp63ckdp1xs5cis-http-server-14.1.1"
        },
        "aarch64-linux": {
          "outputs": [
            {
              "name": "out",
              "path": "/nix/store/65dnm4hlasn4fdb4556n1y7x0l1jdfcc-http-server-14.1.1",
              "default": true
            }
          ],
          "store_path": "/nix/store/65dnm4hlasn4fdb4556n1y7x0l1jdfcc-http-server-14.1.1"
        },
        "x86_64-darwin": {
          "outputs": [
            {
              "name": "out",
              "path": "/nix/store/wm5ars0zy7c0lhbgcar8svqa06n0dq73-http-server-14.1.1",
              "default": true
            }
          ],
          "store_path": "/nix/store/wm5ars0zy7c0lhbgcar8svqa06n0dq73-http-server-14.1.1"
        },
        "x86_64-linux": {
          "outputs": [
            {
              "name": "out",
              "path": "/nix/store/l6brykzm6wzi868ywjkk72k351q3a8mn-http-server-14.1.1",
              "default": true
            }
          ],
          "store_path": "/nix/store/l6brykzm6wzi868ywjkk72k351q3a8mn-http-server-14.1.1"
        }
      }
    },
    "nodejs@latest": {
      "last_modified": "2025-05-07T00:09:58Z",
      "plugin_version": "0.0.2",
      "resolved": "github:NixOS/nixpkgs/b3582c75c7f21ce0b429898980eddbbf05c68e55#nodejs_24",
      "source": "devbox-search",
      "version": "24.0.0",
      "systems": {
        "aarch64-linux": {
          "outputs": [
            {
              "name": "out",
              "path": "/nix/store/4bhnzcl6mk7i3lbmn4r5ls7i22n4qlc7-nodejs-24.0.0",
              "default": true
            },
            {
              "name": "dev",
              "path": "/nix/store/3vnslzzihs8r5qx8mci972415wlp58fk-nodejs-24.0.0-dev"
            },
            {
              "name": "libv8",
              "path": "/nix/store/wmf4gfzzby0z4gzx7qm2dilplzc1v3rx-nodejs-24.0.0-libv8"
            }
          ],
          "store_path": "/nix/store/4bhnzcl6mk7i3lbmn4r5ls7i22n4qlc7-nodejs-24.0.0"
        },
        "x86_64-linux": {
          "outputs": [
            {
              "name": "out",
              "path": "/nix/store/lv07xcpg100cv31mfcrgncwswzz708gl-nodejs-24.0.0",
              "default": true
            },
            {
              "name": "dev",
              "path": "/nix/store/kva4qpzl1mbp2m1kvsjsh888x5nhwwba-nodejs-24.0.0-dev"
            },
            {
              "name": "libv8",
              "path": "/nix/store/qmmv7bkhfk6g26iinv4xgmy14k3zjhwy-nodejs-24.0.0-libv8"
            }
          ],
          "store_path": "/nix/store/lv07xcpg100cv31mfcrgncwswzz708gl-nodejs-24.0.0"
        }
      }
    },
    "python3@latest": {
      "last_modified": "2025-01-06T03:40:18Z",
      "plugin_version": "0.0.4",
      "resolved": "github:NixOS/nixpkgs/3df3c47c19dc90fec35359e89ffb52b34d2b0e94#python3",
      "source": "devbox-search",
      "version": "3.12.8",
      "systems": {
        "aarch64-darwin": {
          "outputs": [
            {
              "name": "out",
              "path": "/nix/store/8zc3wcplydp8gsxms24scpzdca438dk5-python3-3.12.8",
              "default": true
            }
          ],
          "store_path": "/nix/store/8zc3wcplydp8gsxms24scpzdca438dk5-python3-3.12.8"
        },
        "aarch64-linux": {
          "outputs": [
            {
              "name": "out",
              "path": "/nix/store/66pn6ysmvx675061xaq2vz93s9vdc5p4-python3-3.12.8",
              "default": true
            },
            {
              "name": "debug",
              "path": "/nix/store/brcg3a34fi45ffky63g5pqd22sksvq13-python3-3.12.8-debug"
            }
          ],
          "store_path": "/nix/store/66pn6ysmvx675061xaq2vz93s9vdc5p4-python3-3.12.8"
        },
        "x86_64-darwin": {
          "outputs": [
            {
              "name": "out",
              "path": "/nix/store/fpmkmdzgd1q7kqadc7czcjdhjj7bsc0i-python3-3.12.8",
              "default": true
            }
          ],
          "store_path": "/nix/store/fpmkmdzgd1q7kqadc7czcjdhjj7bsc0i-python3-3.12.8"
        },
        "x86_64-linux": {
          "outputs": [
            {
              "name": "out",
              "path": "/nix/store/c9m6yd8fg1flz2j5r4bif1ib5j20a0cy-python3-3.12.8",
              "default": true
            },
            {
              "name": "debug",
              "path": "/nix/store/cicfrcjr8pky8qd0gxw0x84ynyviy6b5-python3-3.12.8-debug"
            }
          ],
          "store_path": "/nix/store/c9m6yd8fg1flz2j5r4bif1ib5j20a0cy-python3-3.12.8"
        }
      }
    },
    "typescript@latest": {
      "last_modified": "2025-05-06T08:06:31Z",
      "resolved": "github:NixOS/nixpkgs/1cb1c02a6b1b7cf67e3d7731cbbf327a53da9679#typescript",
      "source": "devbox-search",
      "version": "5.8.2",
      "systems": {
        "aarch64-darwin": {
          "outputs": [
            {
              "name": "out",
              "path": "/nix/store/z5rynsf0zfw7kj0jpd83367nmjwmbzpv-typescript-5.8.2",
              "default": true
            }
          ],
          "store_path": "/nix/store/z5rynsf0zfw7kj0jpd83367nmjwmbzpv-typescript-5.8.2"
        },
        "aarch64-linux": {
          "outputs": [
            {
              "name": "out",
              "path": "/nix/store/97w7hwcxsml8ib4srwxisp483ny7r25c-typescript-5.8.2",
              "default": true
            }
          ],
          "store_path": "/nix/store/97w7hwcxsml8ib4srwxisp483ny7r25c-typescript-5.8.2"
        },
        "x86_64-darwin": {
          "outputs": [
            {
              "name": "out",
              "path": "/nix/store/h047nnjylx53pld04hmj1n93550f6gx9-typescript-5.8.2",
              "default": true
            }
          ],
          "store_path": "/nix/store/h047nnjylx53pld04hmj1n93550f6gx9-typescript-5.8.2"
        },
        "x86_64-linux": {
          "outputs": [
            {
              "name": "out",
              "path": "/nix/store/5cilihciaiss3ys26b9clv5817s9h38b-typescript-5.8.2",
              "default": true
            }
          ],
          "store_path": "/nix/store/5cilihciaiss3ys26b9clv5817s9h38b-typescript-5.8.2"
        }
      }
    },
    "yarn@latest": {
      "last_modified": "2025-05-06T08:06:31Z",
      "resolved": "github:NixOS/nixpkgs/1cb1c02a6b1b7cf67e3d7731cbbf327a53da9679#yarn",
      "source": "devbox-search",
      "version": "1.22.22",
      "systems": {
        "aarch64-darwin": {
          "outputs": [
            {
              "name": "out",
              "path": "/nix/store/2ii4afii0xlaljyzd8lm5y5n7xdj836j-yarn-1.22.22",
              "default": true
            }
          ],
          "store_path": "/nix/store/2ii4afii0xlaljyzd8lm5y5n7xdj836j-yarn-1.22.22"
        },
        "aarch64-linux": {
          "outputs": [
            {
              "name": "out",
              "path": "/nix/store/29yvr8z3dx68j38v6aqcjyazn3jxvs78-yarn-1.22.22",
              "default": true
            }
          ],
          "store_path": "/nix/store/29yvr8z3dx68j38v6aqcjyazn3jxvs78-yarn-1.22.22"
        },
        "x86_64-darwin": {
          "outputs": [
            {
              "name": "out",
              "path": "/nix/store/jrfdk6wgmvkwj0hrmy6knm8dlz51xhdn-yarn-1.22.22",
              "default": true
            }
          ],
          "store_path": "/nix/store/jrfdk6wgmvkwj0hrmy6knm8dlz51xhdn-yarn-1.22.22"
        },
        "x86_64-linux": {
          "outputs": [
            {
              "name": "out",
              "path": "/nix/store/j56b59xjcmfhyfj675qj2x2bzpf70zfa-yarn-1.22.22",
              "default": true
            }
          ],
          "store_path": "/nix/store/j56b59xjcmfhyfj675qj2x2bzpf70zfa-yarn-1.22.22"
        }
      }
    }
  }
}
